
Microsoft Visual Studio Solution File, Format Version 12.00
# Visual Studio Version 17
VisualStudioVersion = 17.14.36408.4 d17.14
MinimumVisualStudioVersion = 10.0.40219.1
Project("{8BC9CEB8-8B4A-11D0-8D11-00A0C91BC942}") = "ConsoleApplication2", "ConsoleApplication2\ConsoleApplication2.vcxproj", "{7EBF13CF-0991-4378-811F-C4B65E90DB9E}"
EndProject
Project("{8BC9CEB8-8B4A-11D0-8D11-00A0C91BC942}") = "Logging", "Logging\Logging.vcxproj", "{D7404BCF-A839-4A2E-9646-F056A7A74A2E}"
EndProject
Project("{8BC9CEB8-8B4A-11D0-8D11-00A0C91BC942}") = "Watch", "Watch\Watch.vcxproj", "{17A65519-4F41-4A05-AF19-7FB08899F1CA}"
EndProject
Global
	GlobalSection(SolutionConfigurationPlatforms) = preSolution
		Debug|x64 = Debug|x64
		Debug|x86 = Debug|x86
		Release|x64 = Release|x64
		Release|x86 = Release|x86
	EndGlobalSection
	GlobalSection(ProjectConfigurationPlatforms) = postSolution
		{7EBF13CF-0991-4378-811F-C4B65E90DB9E}.Debug|x64.ActiveCfg = Debug|x64
		{7EBF13CF-0991-4378-811F-C4B65E90DB9E}.Debug|x64.Build.0 = Debug|x64
		{7EBF13CF-0991-4378-811F-C4B65E90DB9E}.Debug|x86.ActiveCfg = Debug|Win32
		{7EBF13CF-0991-4378-811F-C4B65E90DB9E}.Debug|x86.Build.0 = Debug|Win32
		{7EBF13CF-0991-4378-811F-C4B65E90DB9E}.Release|x64.ActiveCfg = Release|x64
		{7EBF13CF-0991-4378-811F-C4B65E90DB9E}.Release|x64.Build.0 = Release|x64
		{7EBF13CF-0991-4378-811F-C4B65E90DB9E}.Release|x86.ActiveCfg = Release|Win32
		{7EBF13CF-0991-4378-811F-C4B65E90DB9E}.Release|x86.Build.0 = Release|Win32
		{D7404BCF-A839-4A2E-9646-F056A7A74A2E}.Debug|x64.ActiveCfg = Debug|x64
		{D7404BCF-A839-4A2E-9646-F056A7A74A2E}.Debug|x64.Build.0 = Debug|x64
		{D7404BCF-A839-4A2E-9646-F056A7A74A2E}.Debug|x86.ActiveCfg = Debug|Win32
		{D7404BCF-A839-4A2E-9646-F056A7A74A2E}.Debug|x86.Build.0 = Debug|Win32
		{D7404BCF-A839-4A2E-9646-F056A7A74A2E}.Release|x64.ActiveCfg = Release|x64
		{D7404BCF-A839-4A2E-9646-F056A7A74A2E}.Release|x64.Build.0 = Release|x64
		{D7404BCF-A839-4A2E-9646-F056A7A74A2E}.Release|x86.ActiveCfg = Release|Win32
		{D7404BCF-A839-4A2E-9646-F056A7A74A2E}.Release|x86.Build.0 = Release|Win32
		{17A65519-4F41-4A05-AF19-7FB08899F1CA}.Debug|x64.ActiveCfg = Debug|x64
		{17A65519-4F41-4A05-AF19-7FB08899F1CA}.Debug|x64.Build.0 = Debug|x64
		{17A65519-4F41-4A05-AF19-7FB08899F1CA}.Debug|x86.ActiveCfg = Debug|Win32
		{17A65519-4F41-4A05-AF19-7FB08899F1CA}.Debug|x86.Build.0 = Debug|Win32
		{17A65519-4F41-4A05-AF19-7FB08899F1CA}.Release|x64.ActiveCfg = Release|x64
		{17A65519-4F41-4A05-AF19-7FB08899F1CA}.Release|x64.Build.0 = Release|x64
		{17A65519-4F41-4A05-AF19-7FB08899F1CA}.Release|x86.ActiveCfg = Release|Win32
		{17A65519-4F41-4A05-AF19-7FB08899F1CA}.Release|x86.Build.0 = Release|Win32
	EndGlobalSection
	GlobalSection(SolutionProperties) = preSolution
		HideSolutionNode = FALSE
	EndGlobalSection
	GlobalSection(ExtensibilityGlobals) = postSolution
		SolutionGuid = {2336F758-32D4-419C-9241-E8BC09A6A6F6}
	EndGlobalSection
EndGlobal
